
Microsoft Visual Studio Solution File, Format Version 12.00
# Visual Studio Version 17
VisualStudioVersion = 17.7.34031.279
MinimumVisualStudioVersion = 10.0.40219.1
Project("{FAE04EC0-301F-11D3-BF4B-00C04F79EFBC}") = "ClassLibrary1", "ClassLibrary1\ClassLibrary1.csproj", "{C3059D80-76CA-4EA2-AEC6-A942D1135117}"
EndProject
Project("{FAE04EC0-301F-11D3-BF4B-00C04F79EFBC}") = "TestApp1", "TestApp1\TestApp1.csproj", "{AC23AA93-F30F-4F14-BF1F-FC9503BB4130}"
EndProject
Global
	GlobalSection(SolutionConfigurationPlatforms) = preSolution
		Debug|Any CPU = Debug|Any CPU
		Release|Any CPU = Release|Any CPU
	EndGlobalSection
	GlobalSection(ProjectConfigurationPlatforms) = postSolution
		{C3059D80-76CA-4EA2-AEC6-A942D1135117}.Debug|Any CPU.ActiveCfg = Debug|Any CPU
		{C3059D80-76CA-4EA2-AEC6-A942D1135117}.Debug|Any CPU.Build.0 = Debug|Any CPU
		{C3059D80-76CA-4EA2-AEC6-A942D1135117}.Release|Any CPU.ActiveCfg = Release|Any CPU
		{C3059D80-76CA-4EA2-AEC6-A942D1135117}.Release|Any CPU.Build.0 = Release|Any CPU
		{AC23AA93-F30F-4F14-BF1F-FC9503BB4130}.Debug|Any CPU.ActiveCfg = Debug|Any CPU
		{AC23AA93-F30F-4F14-BF1F-FC9503BB4130}.Debug|Any CPU.Build.0 = Debug|Any CPU
		{AC23AA93-F30F-4F14-BF1F-FC9503BB4130}.Release|Any CPU.ActiveCfg = Release|Any CPU
		{AC23AA93-F30F-4F14-BF1F-FC9503BB4130}.Release|Any CPU.Build.0 = Release|Any CPU
	EndGlobalSection
	GlobalSection(SolutionProperties) = preSolution
		HideSolutionNode = FALSE
	EndGlobalSection
	GlobalSection(ExtensibilityGlobals) = postSolution
		SolutionGuid = {579D25DD-C7FD-4C43-8FDF-3C4878C51811}
	EndGlobalSection
EndGlobal
